
Microsoft Visual Studio Solution File, Format Version 12.00
# Visual Studio 15
VisualStudioVersion = 15.0.28307.421
MinimumVisualStudioVersion = 10.0.40219.1
Project("{FAE04EC0-301F-11D3-BF4B-00C04F79EFBC}") = "UpdateAssets", "UpdateAssets\UpdateAssets.csproj", "{867929F4-5448-4903-AA01-71440D35A2E6}"
EndProject
Global
	GlobalSection(SolutionConfigurationPlatforms) = preSolution
		Debug|Any CPU = Debug|Any CPU
		Release|Any CPU = Release|Any CPU
	EndGlobalSection
	GlobalSection(ProjectConfigurationPlatforms) = postSolution
		{867929F4-5448-4903-AA01-71440D35A2E6}.Debug|Any CPU.ActiveCfg = Debug|Any CPU
		{867929F4-5448-4903-AA01-71440D35A2E6}.Debug|Any CPU.Build.0 = Debug|Any CPU
		{867929F4-5448-4903-AA01-71440D35A2E6}.Release|Any CPU.ActiveCfg = Release|Any CPU
		{867929F4-5448-4903-AA01-71440D35A2E6}.Release|Any CPU.Build.0 = Release|Any CPU
	EndGlobalSection
	GlobalSection(SolutionProperties) = preSolution
		HideSolutionNode = FALSE
	EndGlobalSection
	GlobalSection(ExtensibilityGlobals) = postSolution
		SolutionGuid = {8961FF4E-E99C-42AB-8D5D-043530E19B4E}
	EndGlobalSection
EndGlobal
